
Microsoft Visual Studio Solution File, Format Version 12.00
# Visual Studio Version 16
VisualStudioVersion = 16.0.32228.343
MinimumVisualStudioVersion = 10.0.40219.1
Project("{8BC9CEB8-8B4A-11D0-8D11-00A0C91BC942}") = "p118", "p118.vcxproj", "{21519A3E-27DA-4E58-825B-0B51472FFFE0}"
EndProject
Global
	GlobalSection(SolutionConfigurationPlatforms) = preSolution
		Debug|x64 = Debug|x64
		Debug|x86 = Debug|x86
		Release|x64 = Release|x64
		Release|x86 = Release|x86
	EndGlobalSection
	GlobalSection(ProjectConfigurationPlatforms) = postSolution
		{21519A3E-27DA-4E58-825B-0B51472FFFE0}.Debug|x64.ActiveCfg = Debug|x64
		{21519A3E-27DA-4E58-825B-0B51472FFFE0}.Debug|x64.Build.0 = Debug|x64
		{21519A3E-27DA-4E58-825B-0B51472FFFE0}.Debug|x86.ActiveCfg = Debug|Win32
		{21519A3E-27DA-4E58-825B-0B51472FFFE0}.Debug|x86.Build.0 = Debug|Win32
		{21519A3E-27DA-4E58-825B-0B51472FFFE0}.Release|x64.ActiveCfg = Release|x64
		{21519A3E-27DA-4E58-825B-0B51472FFFE0}.Release|x64.Build.0 = Release|x64
		{21519A3E-27DA-4E58-825B-0B51472FFFE0}.Release|x86.ActiveCfg = Release|Win32
		{21519A3E-27DA-4E58-825B-0B51472FFFE0}.Release|x86.Build.0 = Release|Win32
	EndGlobalSection
	GlobalSection(SolutionProperties) = preSolution
		HideSolutionNode = FALSE
	EndGlobalSection
	GlobalSection(ExtensibilityGlobals) = postSolution
		SolutionGuid = {C31995E5-2D78-46E1-8BF9-33518B86AB13}
	EndGlobalSection
EndGlobal
